
Microsoft Visual Studio Solution File, Format Version 12.00
# Visual Studio 14
VisualStudioVersion = 14.0.25420.1
MinimumVisualStudioVersion = 10.0.40219.1
Project("{FAE04EC0-301F-11D3-BF4B-00C04F79EFBC}") = "znachenie_y_by_metod", "znachenie_y_by_metod\znachenie_y_by_metod.csproj", "{9F24960B-C394-411E-80A7-DD7EC333A2FE}"
EndProject
Project("{FAE04EC0-301F-11D3-BF4B-00C04F79EFBC}") = "ex_2", "ex_2\ex_2.csproj", "{0D810F91-5DE6-49C5-8FDD-6490A82E3130}"
EndProject
Project("{FAE04EC0-301F-11D3-BF4B-00C04F79EFBC}") = "petimetr_trapecii", "petimetr_trapecii\petimetr_trapecii.csproj", "{64FEACF6-8E75-474B-A8CB-6EDB960F0078}"
EndProject
Global
	GlobalSection(SolutionConfigurationPlatforms) = preSolution
		Debug|Any CPU = Debug|Any CPU
		Release|Any CPU = Release|Any CPU
	EndGlobalSection
	GlobalSection(ProjectConfigurationPlatforms) = postSolution
		{9F24960B-C394-411E-80A7-DD7EC333A2FE}.Debug|Any CPU.ActiveCfg = Debug|Any CPU
		{9F24960B-C394-411E-80A7-DD7EC333A2FE}.Debug|Any CPU.Build.0 = Debug|Any CPU
		{9F24960B-C394-411E-80A7-DD7EC333A2FE}.Release|Any CPU.ActiveCfg = Release|Any CPU
		{9F24960B-C394-411E-80A7-DD7EC333A2FE}.Release|Any CPU.Build.0 = Release|Any CPU
		{0D810F91-5DE6-49C5-8FDD-6490A82E3130}.Debug|Any CPU.ActiveCfg = Debug|Any CPU
		{0D810F91-5DE6-49C5-8FDD-6490A82E3130}.Debug|Any CPU.Build.0 = Debug|Any CPU
		{0D810F91-5DE6-49C5-8FDD-6490A82E3130}.Release|Any CPU.ActiveCfg = Release|Any CPU
		{0D810F91-5DE6-49C5-8FDD-6490A82E3130}.Release|Any CPU.Build.0 = Release|Any CPU
		{64FEACF6-8E75-474B-A8CB-6EDB960F0078}.Debug|Any CPU.ActiveCfg = Debug|Any CPU
		{64FEACF6-8E75-474B-A8CB-6EDB960F0078}.Debug|Any CPU.Build.0 = Debug|Any CPU
		{64FEACF6-8E75-474B-A8CB-6EDB960F0078}.Release|Any CPU.ActiveCfg = Release|Any CPU
		{64FEACF6-8E75-474B-A8CB-6EDB960F0078}.Release|Any CPU.Build.0 = Release|Any CPU
	EndGlobalSection
	GlobalSection(SolutionProperties) = preSolution
		HideSolutionNode = FALSE
	EndGlobalSection
EndGlobal
